
Microsoft Visual Studio Solution File, Format Version 12.00
# Visual Studio Version 17
VisualStudioVersion = 17.5.33530.505
MinimumVisualStudioVersion = 10.0.40219.1
Project("{FAE04EC0-301F-11D3-BF4B-00C04F79EFBC}") = "3_Modul_Imtixon_1_Savol", "3_Modul_Imtixon_1_Savol.csproj", "{F8D2E3C6-D05A-4B40-BCAB-EF0E48600D70}"
EndProject
Global
	GlobalSection(SolutionConfigurationPlatforms) = preSolution
		Debug|Any CPU = Debug|Any CPU
		Release|Any CPU = Release|Any CPU
	EndGlobalSection
	GlobalSection(ProjectConfigurationPlatforms) = postSolution
		{F8D2E3C6-D05A-4B40-BCAB-EF0E48600D70}.Debug|Any CPU.ActiveCfg = Debug|Any CPU
		{F8D2E3C6-D05A-4B40-BCAB-EF0E48600D70}.Debug|Any CPU.Build.0 = Debug|Any CPU
		{F8D2E3C6-D05A-4B40-BCAB-EF0E48600D70}.Release|Any CPU.ActiveCfg = Release|Any CPU
		{F8D2E3C6-D05A-4B40-BCAB-EF0E48600D70}.Release|Any CPU.Build.0 = Release|Any CPU
	EndGlobalSection
	GlobalSection(SolutionProperties) = preSolution
		HideSolutionNode = FALSE
	EndGlobalSection
	GlobalSection(ExtensibilityGlobals) = postSolution
		SolutionGuid = {D5B3A471-61E3-42A5-812F-DAD372947E16}
	EndGlobalSection
EndGlobal
